# @generated - this file is auto-generated by `mise lock` https://mise.en.dev/dev-tools/mise-lock.html

[[tools.actionlint]]
version = "1.7.12"
backend = "aqua:rhysd/actionlint"

[tools.actionlint."platforms.linux-arm64"]
checksum = "sha256:325e971b6ba9bfa504672e29be93c24981eeb1c07576d730e9f7c8805afff0c6"
url = "https://github.com/rhysd/actionlint/releases/download/v1.7.12/actionlint_1.7.12_linux_arm64.tar.gz"
provenance = "github-attestations"

[tools.actionlint."platforms.linux-arm64-musl"]
checksum = "sha256:325e971b6ba9bfa504672e29be93c24981eeb1c07576d730e9f7c8805afff0c6"
url = "https://github.com/rhysd/actionlint/releases/download/v1.7.12/actionlint_1.7.12_linux_arm64.tar.gz"
provenance = "github-attestations"

[tools.actionlint."platforms.linux-x64"]
checksum = "sha256:8aca8db96f1b94770f1b0d72b6dddcb1ebb8123cb3712530b08cc387b349a3d8"
url = "https://github.com/rhysd/actionlint/releases/download/v1.7.12/actionlint_1.7.12_linux_amd64.tar.gz"
provenance = "github-attestations"

[tools.actionlint."platforms.linux-x64-musl"]
checksum = "sha256:8aca8db96f1b94770f1b0d72b6dddcb1ebb8123cb3712530b08cc387b349a3d8"
url = "https://github.com/rhysd/actionlint/releases/download/v1.7.12/actionlint_1.7.12_linux_amd64.tar.gz"
provenance = "github-attestations"

[tools.actionlint."platforms.macos-arm64"]
checksum = "sha256:aba9ced2dee8d27fecca3dc7feb1a7f9a52caefa1eb46f3271ea66b6e0e6953f"
url = "https://github.com/rhysd/actionlint/releases/download/v1.7.12/actionlint_1.7.12_darwin_arm64.tar.gz"
provenance = "github-attestations"

[tools.actionlint."platforms.macos-x64"]
checksum = "sha256:5b44c3bc2255115c9b69e30efc0fecdf498fdb63c5d58e17084fd5f16324c644"
url = "https://github.com/rhysd/actionlint/releases/download/v1.7.12/actionlint_1.7.12_darwin_amd64.tar.gz"
provenance = "github-attestations"

[tools.actionlint."platforms.windows-x64"]
checksum = "sha256:6e7241b51e6817ea6a047693d8e6fed13b31819c9a0dd6c5a726e1592d22f6e9"
url = "https://github.com/rhysd/actionlint/releases/download/v1.7.12/actionlint_1.7.12_windows_amd64.zip"
provenance = "github-attestations"

[[tools.bun]]
version = "1.2.23"
backend = "core:bun"

[tools.bun."platforms.linux-arm64"]
checksum = "sha256:6a7a98c546d084a845deda62eb2a5b94a6a14a63ea81cf9186d46bf55bf910a9"
url = "https://github.com/oven-sh/bun/releases/download/bun-v1.2.23/bun-linux-aarch64.zip"

[tools.bun."platforms.linux-arm64-musl"]
checksum = "sha256:a8ad022b8e439ab03f843b570db9cac36416b80319d48b4dcd24914ba117faa2"
url = "https://github.com/oven-sh/bun/releases/download/bun-v1.2.23/bun-linux-aarch64-musl.zip"

[tools.bun."platforms.linux-x64"]
checksum = "sha256:cf0ed0a920799d576ffde4e0cae66d732bf23c2530407f26f59c7831dffe1f0e"
url = "https://github.com/oven-sh/bun/releases/download/bun-v1.2.23/bun-linux-x64.zip"

[tools.bun."platforms.linux-x64-baseline"]
checksum = "sha256:017f89e19e1b40aa4c11a7cf671d3990cb51cc12288a43473238a019a8cafffc"
url = "https://github.com/oven-sh/bun/releases/download/bun-v1.2.23/bun-linux-x64-baseline.zip"

[tools.bun."platforms.linux-x64-musl"]
checksum = "sha256:01cf0639789328499e0147d64a405c7888ee78723eed75f9af1cb6bc9917d9b1"
url = "https://github.com/oven-sh/bun/releases/download/bun-v1.2.23/bun-linux-x64-musl.zip"

[tools.bun."platforms.linux-x64-musl-baseline"]
checksum = "sha256:bc90070aec72a27db281da4cb6519631f6b5380c76f187a5466dca0a5da8070e"
url = "https://github.com/oven-sh/bun/releases/download/bun-v1.2.23/bun-linux-x64-musl-baseline.zip"

[tools.bun."platforms.macos-arm64"]
checksum = "sha256:22f5fa3fff72b0d3b8e7e0f8051ecadf2e41920d474ac62db5279144809c9005"
url = "https://github.com/oven-sh/bun/releases/download/bun-v1.2.23/bun-darwin-aarch64.zip"

[tools.bun."platforms.macos-x64"]
checksum = "sha256:9729c400e50bc3c86b6640e42af2ff5c057b5df3b27c93b40ed47c16b5e6a5e6"
url = "https://github.com/oven-sh/bun/releases/download/bun-v1.2.23/bun-darwin-x64.zip"

[tools.bun."platforms.macos-x64-baseline"]
checksum = "sha256:fcc6723c8aba646a58443586d1786b909e64061e584b4214a0b67e0451252845"
url = "https://github.com/oven-sh/bun/releases/download/bun-v1.2.23/bun-darwin-x64-baseline.zip"

[tools.bun."platforms.windows-x64"]
checksum = "sha256:2171e94f9d1e0cd6d45bdced38e2dc821f4181a075ed80772e750b3298a9016d"
url = "https://github.com/oven-sh/bun/releases/download/bun-v1.2.23/bun-windows-x64.zip"

[tools.bun."platforms.windows-x64-baseline"]
checksum = "sha256:bf8b6fd980fc09ffeba4b68bcfeab3babc2c10596dd916eb9163b503b6406866"
url = "https://github.com/oven-sh/bun/releases/download/bun-v1.2.23/bun-windows-x64-baseline.zip"

[[tools.node]]
version = "22.19.0"
backend = "core:node"

[tools.node."platforms.linux-arm64"]
checksum = "sha256:d32817b937219b8f131a28546035183d79e7fd17a86e38ccb8772901a7cd9009"
url = "https://nodejs.org/dist/v22.19.0/node-v22.19.0-linux-arm64.tar.gz"

[tools.node."platforms.linux-arm64-musl"]
url = "https://unofficial-builds.nodejs.org/download/release/v22.19.0/node-v22.19.0-linux-arm64-musl.tar.gz"

[tools.node."platforms.linux-x64"]
checksum = "sha256:d36e56998220085782c0ca965f9d51b7726335aed2f5fc7321c6c0ad233aa96d"
url = "https://nodejs.org/dist/v22.19.0/node-v22.19.0-linux-x64.tar.gz"

[tools.node."platforms.linux-x64-musl"]
checksum = "sha256:97e0454f54244661a3f0ad743e1537d96adcb7904ff88cf993ddd3957bab7092"
url = "https://unofficial-builds.nodejs.org/download/release/v22.19.0/node-v22.19.0-linux-x64-musl.tar.gz"

[tools.node."platforms.macos-arm64"]
checksum = "sha256:c59006db713c770d6ec63ae16cb3edc11f49ee093b5c415d667bb4f436c6526d"
url = "https://nodejs.org/dist/v22.19.0/node-v22.19.0-darwin-arm64.tar.gz"

[tools.node."platforms.macos-x64"]
checksum = "sha256:3cfed4795cd97277559763c5f56e711852d2cc2420bda1cea30c8aa9ac77ce0c"
url = "https://nodejs.org/dist/v22.19.0/node-v22.19.0-darwin-x64.tar.gz"

[tools.node."platforms.windows-x64"]
checksum = "sha256:ea3fad0e67a991d8477d8c01344b56e69c676ccb733f065b22436994b1253f86"
url = "https://nodejs.org/dist/v22.19.0/node-v22.19.0-win-x64.zip"

[[tools."ubi:github/gh-aw"]]
version = "0.82.14"
backend = "ubi:github/gh-aw"
